
Microsoft Visual Studio Solution File, Format Version 12.00
# Visual Studio Version 17
VisualStudioVersion = 17.13.35919.96 d17.13
MinimumVisualStudioVersion = 10.0.40219.1
Project("{FAE04EC0-301F-11D3-BF4B-00C04F79EFBC}") = "LoadBalancer", "LoadBalancer.csproj", "{D0C0A76A-F79D-4C41-887F-8B589A7765DA}"
EndProject
Project("{FAE04EC0-301F-11D3-BF4B-00C04F79EFBC}") = "LoadBalancer.Tests", "..\LoadBalancer.Tests\LoadBalancer.Tests.csproj", "{3C94E9AA-07E1-4579-A62E-083384CBEF8C}"
EndProject
Global
	GlobalSection(SolutionConfigurationPlatforms) = preSolution
		Debug|Any CPU = Debug|Any CPU
		Release|Any CPU = Release|Any CPU
	EndGlobalSection
	GlobalSection(ProjectConfigurationPlatforms) = postSolution
		{D0C0A76A-F79D-4C41-887F-8B589A7765DA}.Debug|Any CPU.ActiveCfg = Debug|Any CPU
		{D0C0A76A-F79D-4C41-887F-8B589A7765DA}.Debug|Any CPU.Build.0 = Debug|Any CPU
		{D0C0A76A-F79D-4C41-887F-8B589A7765DA}.Release|Any CPU.ActiveCfg = Release|Any CPU
		{D0C0A76A-F79D-4C41-887F-8B589A7765DA}.Release|Any CPU.Build.0 = Release|Any CPU
		{3C94E9AA-07E1-4579-A62E-083384CBEF8C}.Debug|Any CPU.ActiveCfg = Debug|Any CPU
		{3C94E9AA-07E1-4579-A62E-083384CBEF8C}.Debug|Any CPU.Build.0 = Debug|Any CPU
		{3C94E9AA-07E1-4579-A62E-083384CBEF8C}.Release|Any CPU.ActiveCfg = Release|Any CPU
		{3C94E9AA-07E1-4579-A62E-083384CBEF8C}.Release|Any CPU.Build.0 = Release|Any CPU
	EndGlobalSection
	GlobalSection(SolutionProperties) = preSolution
		HideSolutionNode = FALSE
	EndGlobalSection
	GlobalSection(ExtensibilityGlobals) = postSolution
		SolutionGuid = {9F353C2D-973D-4902-A485-87478C9573FF}
	EndGlobalSection
EndGlobal
